
Microsoft Visual Studio Solution File, Format Version 12.00
# Visual Studio 15
VisualStudioVersion = 15.0.28307.960
MinimumVisualStudioVersion = 10.0.40219.1
Project("{8BC9CEB8-8B4A-11D0-8D11-00A0C91BC942}") = "CHROLIS_CSample", "CHROLIS_CSample\CHROLIS_CSample.vcxproj", "{4B806EC8-1CBE-4C56-A471-4C3C1382E185}"
EndProject
Global
	GlobalSection(SolutionConfigurationPlatforms) = preSolution
		Debug|x64 = Debug|x64
		Debug|x86 = Debug|x86
		Release|x64 = Release|x64
		Release|x86 = Release|x86
	EndGlobalSection
	GlobalSection(ProjectConfigurationPlatforms) = postSolution
		{4B806EC8-1CBE-4C56-A471-4C3C1382E185}.Debug|x64.ActiveCfg = Debug|x64
		{4B806EC8-1CBE-4C56-A471-4C3C1382E185}.Debug|x64.Build.0 = Debug|x64
		{4B806EC8-1CBE-4C56-A471-4C3C1382E185}.Debug|x86.ActiveCfg = Debug|Win32
		{4B806EC8-1CBE-4C56-A471-4C3C1382E185}.Debug|x86.Build.0 = Debug|Win32
		{4B806EC8-1CBE-4C56-A471-4C3C1382E185}.Release|x64.ActiveCfg = Release|x64
		{4B806EC8-1CBE-4C56-A471-4C3C1382E185}.Release|x64.Build.0 = Release|x64
		{4B806EC8-1CBE-4C56-A471-4C3C1382E185}.Release|x86.ActiveCfg = Release|Win32
		{4B806EC8-1CBE-4C56-A471-4C3C1382E185}.Release|x86.Build.0 = Release|Win32
	EndGlobalSection
	GlobalSection(SolutionProperties) = preSolution
		HideSolutionNode = FALSE
	EndGlobalSection
	GlobalSection(ExtensibilityGlobals) = postSolution
		SolutionGuid = {6E527D5B-7F05-4A91-AAF2-7FA3260A0C3E}
	EndGlobalSection
EndGlobal
